// !$*UTF8*$!
{
	archiveVersion = 1;
	classes = {
	};
	objectVersion = 46;
	objects = {

/* Begin PBXBuildFile section */
		5F7A56F01F71A59C00AB8D79 /* main.m in Sources */ = {isa = PBXBuildFile; fileRef = 5F7A56EF1F71A59C00AB8D79 /* main.m */; };
		5F7A56F31F71A59C00AB8D79 /* AppDelegate.m in Sources */ = {isa = PBXBuildFile; fileRef = 5F7A56F21F71A59C00AB8D79 /* AppDelegate.m */; };
		5F7A56F61F71A59C00AB8D79 /* ListViewController.m in Sources */ = {isa = PBXBuildFile; fileRef = 5F7A56F51F71A59C00AB8D79 /* ListViewController.m */; };
		5F7A56F91F71A59C00AB8D79 /* Main.storyboard in Resources */ = {isa = PBXBuildFile; fileRef = 5F7A56F71F71A59C00AB8D79 /* Main.storyboard */; };
		5F7A56FB1F71A59C00AB8D79 /* Assets.xcassets in Resources */ = {isa = PBXBuildFile; fileRef = 5F7A56FA1F71A59C00AB8D79 /* Assets.xcassets */; };
		5F7A56FE1F71A59C00AB8D79 /* LaunchScreen.storyboard in Resources */ = {isa = PBXBuildFile; fileRef = 5F7A56FC1F71A59C00AB8D79 /* LaunchScreen.storyboard */; };
		5F7A57071F71B43700AB8D79 /* AppleProduct.m in Sources */ = {isa = PBXBuildFile; fileRef = 5F7A57061F71B43700AB8D79 /* AppleProduct.m */; };
		5F7A570A1F71B90300AB8D79 /* DetailsViewController.m in Sources */ = {isa = PBXBuildFile; fileRef = 5F7A57091F71B90300AB8D79 /* DetailsViewController.m */; };
		5F7A570D1F71C08E00AB8D79 /* ProdcutTableViewCell.m in Sources */ = {isa = PBXBuildFile; fileRef = 5F7A570C1F71C08E00AB8D79 /* ProdcutTableViewCell.m */; };
/* End PBXBuildFile section */

/* Begin PBXFileReference section */
		5F7A56EB1F71A59C00AB8D79 /* Obj-C-Assessment2.app */ = {isa = PBXFileReference; explicitFileType = wrapper.application; includeInIndex = 0; path = "Obj-C-Assessment2.app"; sourceTree = BUILT_PRODUCTS_DIR; };
		5F7A56EF1F71A59C00AB8D79 /* main.m */ = {isa = PBXFileReference; lastKnownFileType = sourcecode.c.objc; path = main.m; sourceTree = "<group>"; };
		5F7A56F11F71A59C00AB8D79 /* AppDelegate.h */ = {isa = PBXFileReference; lastKnownFileType = sourcecode.c.h; path = AppDelegate.h; sourceTree = "<group>"; };
		5F7A56F21F71A59C00AB8D79 /* AppDelegate.m */ = {isa = PBXFileReference; lastKnownFileType = sourcecode.c.objc; path = AppDelegate.m; sourceTree = "<group>"; };
		5F7A56F41F71A59C00AB8D79 /* ListViewController.h */ = {isa = PBXFileReference; lastKnownFileType = sourcecode.c.h; path = ListViewController.h; sourceTree = "<group>"; };
		5F7A56F51F71A59C00AB8D79 /* ListViewController.m */ = {isa = PBXFileReference; lastKnownFileType = sourcecode.c.objc; path = ListViewController.m; sourceTree = "<group>"; };
		5F7A56F81F71A59C00AB8D79 /* Base */ = {isa = PBXFileReference; lastKnownFileType = file.storyboard; name = Base; path = Base.lproj/Main.storyboard; sourceTree = "<group>"; };
		5F7A56FA1F71A59C00AB8D79 /* Assets.xcassets */ = {isa = PBXFileReference; lastKnownFileType = folder.assetcatalog; path = Assets.xcassets; sourceTree = "<group>"; };
		5F7A56FD1F71A59C00AB8D79 /* Base */ = {isa = PBXFileReference; lastKnownFileType = file.storyboard; name = Base; path = Base.lproj/LaunchScreen.storyboard; sourceTree = "<group>"; };
		5F7A56FF1F71A59C00AB8D79 /* Info.plist */ = {isa = PBXFileReference; lastKnownFileType = text.plist.xml; path = Info.plist; sourceTree = "<group>"; };
		5F7A57051F71B43700AB8D79 /* AppleProduct.h */ = {isa = PBXFileReference; fileEncoding = 4; lastKnownFileType = sourcecode.c.h; path = AppleProduct.h; sourceTree = "<group>"; };
		5F7A57061F71B43700AB8D79 /* AppleProduct.m */ = {isa = PBXFileReference; fileEncoding = 4; lastKnownFileType = sourcecode.c.objc; path = AppleProduct.m; sourceTree = "<group>"; };
		5F7A57081F71B90300AB8D79 /* DetailsViewController.h */ = {isa = PBXFileReference; fileEncoding = 4; lastKnownFileType = sourcecode.c.h; path = DetailsViewController.h; sourceTree = "<group>"; };
		5F7A57091F71B90300AB8D79 /* DetailsViewController.m */ = {isa = PBXFileReference; fileEncoding = 4; lastKnownFileType = sourcecode.c.objc; path = DetailsViewController.m; sourceTree = "<group>"; };
		5F7A570B1F71C08E00AB8D79 /* ProdcutTableViewCell.h */ = {isa = PBXFileReference; fileEncoding = 4; lastKnownFileType = sourcecode.c.h; path = ProdcutTableViewCell.h; sourceTree = "<group>"; };
		5F7A570C1F71C08E00AB8D79 /* ProdcutTableViewCell.m */ = {isa = PBXFileReference; fileEncoding = 4; lastKnownFileType = sourcecode.c.objc; path = ProdcutTableViewCell.m; sourceTree = "<group>"; };
/* End PBXFileReference section */

/* Begin PBXFrameworksBuildPhase section */
		5F7A56E81F71A59C00AB8D79 /* Frameworks */ = {
			isa = PBXFrameworksBuildPhase;
			buildActionMask = 2147483647;
			files = (
			);
			runOnlyForDeploymentPostprocessing = 0;
		};
/* End PBXFrameworksBuildPhase section */

/* Begin PBXGroup section */
		5F7A56E21F71A59C00AB8D79 = {
			isa = PBXGroup;
			children = (
				5F7A56ED1F71A59C00AB8D79 /* Obj-C-Assessment2 */,
				5F7A56EC1F71A59C00AB8D79 /* Products */,
			);
			sourceTree = "<group>";
		};
		5F7A56EC1F71A59C00AB8D79 /* Products */ = {
			isa = PBXGroup;
			children = (
				5F7A56EB1F71A59C00AB8D79 /* Obj-C-Assessment2.app */,
			);
			name = Products;
			sourceTree = "<group>";
		};
		5F7A56ED1F71A59C00AB8D79 /* Obj-C-Assessment2 */ = {
			isa = PBXGroup;
			children = (
				5F7A56F11F71A59C00AB8D79 /* AppDelegate.h */,
				5F7A56F21F71A59C00AB8D79 /* AppDelegate.m */,
				5F7A56F41F71A59C00AB8D79 /* ListViewController.h */,
				5F7A56F51F71A59C00AB8D79 /* ListViewController.m */,
				5F7A57081F71B90300AB8D79 /* DetailsViewController.h */,
				5F7A57091F71B90300AB8D79 /* DetailsViewController.m */,
				5F7A57051F71B43700AB8D79 /* AppleProduct.h */,
				5F7A57061F71B43700AB8D79 /* AppleProduct.m */,
				5F7A570B1F71C08E00AB8D79 /* ProdcutTableViewCell.h */,
				5F7A570C1F71C08E00AB8D79 /* ProdcutTableViewCell.m */,
				5F7A56F71F71A59C00AB8D79 /* Main.storyboard */,
				5F7A56FA1F71A59C00AB8D79 /* Assets.xcassets */,
				5F7A56FC1F71A59C00AB8D79 /* LaunchScreen.storyboard */,
				5F7A56FF1F71A59C00AB8D79 /* Info.plist */,
				5F7A56EE1F71A59C00AB8D79 /* Supporting Files */,
			);
			path = "Obj-C-Assessment2";
			sourceTree = "<group>";
		};
		5F7A56EE1F71A59C00AB8D79 /* Supporting Files */ = {
			isa = PBXGroup;
			children = (
				5F7A56EF1F71A59C00AB8D79 /* main.m */,
			);
			name = "Supporting Files";
			sourceTree = "<group>";
		};
/* End PBXGroup section */

/* Begin PBXNativeTarget section */
		5F7A56EA1F71A59C00AB8D79 /* Obj-C-Assessment2 */ = {
			isa = PBXNativeTarget;
			buildConfigurationList = 5F7A57021F71A59C00AB8D79 /* Build configuration list for PBXNativeTarget "Obj-C-Assessment2" */;
			buildPhases = (
				5F7A56E71F71A59C00AB8D79 /* Sources */,
				5F7A56E81F71A59C00AB8D79 /* Frameworks */,
				5F7A56E91F71A59C00AB8D79 /* Resources */,
			);
			buildRules = (
			);
			dependencies = (
			);
			name = "Obj-C-Assessment2";
			productName = "Obj-C-Assessment2";
			productReference = 5F7A56EB1F71A59C00AB8D79 /* Obj-C-Assessment2.app */;
			productType = "com.apple.product-type.application";
		};
/* End PBXNativeTarget section */

/* Begin PBXProject section */
		5F7A56E31F71A59C00AB8D79 /* Project object */ = {
			isa = PBXProject;
			attributes = {
				LastUpgradeCheck = 0830;
				ORGANIZATIONNAME = CKH;
				TargetAttributes = {
					5F7A56EA1F71A59C00AB8D79 = {
						CreatedOnToolsVersion = 8.3.3;
						DevelopmentTeam = R5MWXFW4RY;
						ProvisioningStyle = Automatic;
					};
				};
			};
			buildConfigurationList = 5F7A56E61F71A59C00AB8D79 /* Build configuration list for PBXProject "Obj-C-Assessment2" */;
			compatibilityVersion = "Xcode 3.2";
			developmentRegion = English;
			hasScannedForEncodings = 0;
			knownRegions = (
				en,
				Base,
			);
			mainGroup = 5F7A56E21F71A59C00AB8D79;
			productRefGroup = 5F7A56EC1F71A59C00AB8D79 /* Products */;
			projectDirPath = "";
			projectRoot = "";
			targets = (
				5F7A56EA1F71A59C00AB8D79 /* Obj-C-Assessment2 */,
			);
		};
/* End PBXProject section */

/* Begin PBXResourcesBuildPhase section */
		5F7A56E91F71A59C00AB8D79 /* Resources */ = {
			isa = PBXResourcesBuildPhase;
			buildActionMask = 2147483647;
			files = (
				5F7A56FE1F71A59C00AB8D79 /* LaunchScreen.storyboard in Resources */,
				5F7A56FB1F71A59C00AB8D79 /* Assets.xcassets in Resources */,
				5F7A56F91F71A59C00AB8D79 /* Main.storyboard in Resources */,
			);
			runOnlyForDeploymentPostprocessing = 0;
		};
/* End PBXResourcesBuildPhase section */

/* Begin PBXSourcesBuildPhase section */
		5F7A56E71F71A59C00AB8D79 /* Sources */ = {
			isa = PBXSourcesBuildPhase;
			buildActionMask = 2147483647;
			files = (
				5F7A57071F71B43700AB8D79 /* AppleProduct.m in Sources */,
				5F7A570D1F71C08E00AB8D79 /* ProdcutTableViewCell.m in Sources */,
				5F7A570A1F71B90300AB8D79 /* DetailsViewController.m in Sources */,
				5F7A56F61F71A59C00AB8D79 /* ListViewController.m in Sources */,
				5F7A56F31F71A59C00AB8D79 /* AppDelegate.m in Sources */,
				5F7A56F01F71A59C00AB8D79 /* main.m in Sources */,
			);
			runOnlyForDeploymentPostprocessing = 0;
		};
/* End PBXSourcesBuildPhase section */

/* Begin PBXVariantGroup section */
		5F7A56F71F71A59C00AB8D79 /* Main.storyboard */ = {
			isa = PBXVariantGroup;
			children = (
				5F7A56F81F71A59C00AB8D79 /* Base */,
			);
			name = Main.storyboard;
			sourceTree = "<group>";
		};
		5F7A56FC1F71A59C00AB8D79 /* LaunchScreen.storyboard */ = {
			isa = PBXVariantGroup;
			children = (
				5F7A56FD1F71A59C00AB8D79 /* Base */,
			);
			name = LaunchScreen.storyboard;
			sourceTree = "<group>";
		};
/* End PBXVariantGroup section */

/* Begin XCBuildConfiguration section */
		5F7A57001F71A59C00AB8D79 /* Debug */ = {
			isa = XCBuildConfiguration;
			buildSettings = {
				ALWAYS_SEARCH_USER_PATHS = NO;
				CLANG_ANALYZER_NONNULL = YES;
				CLANG_ANALYZER_NUMBER_OBJECT_CONVERSION = YES_AGGRESSIVE;
				CLANG_CXX_LANGUAGE_STANDARD = "gnu++0x";
				CLANG_CXX_LIBRARY = "libc++";
				CLANG_ENABLE_MODULES = YES;
				CLANG_ENABLE_OBJC_ARC = YES;
				CLANG_WARN_BOOL_CONVERSION = YES;
				CLANG_WARN_CONSTANT_CONVERSION = YES;
				CLANG_WARN_DIRECT_OBJC_ISA_USAGE = YES_ERROR;
				CLANG_WARN_DOCUMENTATION_COMMENTS = YES;
				CLANG_WARN_EMPTY_BODY = YES;
				CLANG_WARN_ENUM_CONVERSION = YES;
				CLANG_WARN_INFINITE_RECURSION = YES;
				CLANG_WARN_INT_CONVERSION = YES;
				CLANG_WARN_OBJC_ROOT_CLASS = YES_ERROR;
				CLANG_WARN_SUSPICIOUS_MOVE = YES;
				CLANG_WARN_UNREACHABLE_CODE = YES;
				CLANG_WARN__DUPLICATE_METHOD_MATCH = YES;
				"CODE_SIGN_IDENTITY[sdk=iphoneos*]" = "iPhone Developer";
				COPY_PHASE_STRIP = NO;
				DEBUG_INFORMATION_FORMAT = dwarf;
				ENABLE_STRICT_OBJC_MSGSEND = YES;
				ENABLE_TESTABILITY = YES;
				GCC_C_LANGUAGE_STANDARD = gnu99;
				GCC_DYNAMIC_NO_PIC = NO;
				GCC_NO_COMMON_BLOCKS = YES;
				GCC_OPTIMIZATION_LEVEL = 0;
				GCC_PREPROCESSOR_DEFINITIONS = (
					"DEBUG=1",
					"$(inherited)",
				);
				GCC_WARN_64_TO_32_BIT_CONVERSION = YES;
				GCC_WARN_ABOUT_RETURN_TYPE = YES_ERROR;
				GCC_WARN_UNDECLARED_SELECTOR = YES;
				GCC_WARN_UNINITIALIZED_AUTOS = YES_AGGRESSIVE;
				GCC_WARN_UNUSED_FUNCTION = YES;
				GCC_WARN_UNUSED_VARIABLE = YES;
				IPHONEOS_DEPLOYMENT_TARGET = 10.3;
				MTL_ENABLE_DEBUG_INFO = YES;
				ONLY_ACTIVE_ARCH = YES;
				SDKROOT = iphoneos;
				TARGETED_DEVICE_FAMILY = "1,2";
			};
			name = Debug;
		};
		5F7A57011F71A59C00AB8D79 /* Release */ = {
			isa = XCBuildConfiguration;
			buildSettings = {
				ALWAYS_SEARCH_USER_PATHS = NO;
				CLANG_ANALYZER_NONNULL = YES;
				CLANG_ANALYZER_NUMBER_OBJECT_CONVERSION = YES_AGGRESSIVE;
				CLANG_CXX_LANGUAGE_STANDARD = "gnu++0x";
				CLANG_CXX_LIBRARY = "libc++";
				CLANG_ENABLE_MODULES = YES;
				CLANG_ENABLE_OBJC_ARC = YES;
				CLANG_WARN_BOOL_CONVERSION = YES;
				CLANG_WARN_CONSTANT_CONVERSION = YES;
				CLANG_WARN_DIRECT_OBJC_ISA_USAGE = YES_ERROR;
				CLANG_WARN_DOCUMENTATION_COMMENTS = YES;
				CLANG_WARN_EMPTY_BODY = YES;
				CLANG_WARN_ENUM_CONVERSION = YES;
				CLANG_WARN_INFINITE_RECURSION = YES;
				CLANG_WARN_INT_CONVERSION = YES;
				CLANG_WARN_OBJC_ROOT_CLASS = YES_ERROR;
				CLANG_WARN_SUSPICIOUS_MOVE = YES;
				CLANG_WARN_UNREACHABLE_CODE = YES;
				CLANG_WARN__DUPLICATE_METHOD_MATCH = YES;
				"CODE_SIGN_IDENTITY[sdk=iphoneos*]" = "iPhone Developer";
				COPY_PHASE_STRIP = NO;
				DEBUG_INFORMATION_FORMAT = "dwarf-with-dsym";
				ENABLE_NS_ASSERTIONS = NO;
				ENABLE_STRICT_OBJC_MSGSEND = YES;
				GCC_C_LANGUAGE_STANDARD = gnu99;
				GCC_NO_COMMON_BLOCKS = YES;
				GCC_WARN_64_TO_32_BIT_CONVERSION = YES;
				GCC_WARN_ABOUT_RETURN_TYPE = YES_ERROR;
				GCC_WARN_UNDECLARED_SELECTOR = YES;
				GCC_WARN_UNINITIALIZED_AUTOS = YES_AGGRESSIVE;
				GCC_WARN_UNUSED_FUNCTION = YES;
				GCC_WARN_UNUSED_VARIABLE = YES;
				IPHONEOS_DEPLOYMENT_TARGET = 10.3;
				MTL_ENABLE_DEBUG_INFO = NO;
				SDKROOT = iphoneos;
				TARGETED_DEVICE_FAMILY = "1,2";
				VALIDATE_PRODUCT = YES;
			};
			name = Release;
		};
		5F7A57031F71A59C00AB8D79 /* Debug */ = {
			isa = XCBuildConfiguration;
			buildSettings = {
				ASSETCATALOG_COMPILER_APPICON_NAME = AppIcon;
				DEVELOPMENT_TEAM = R5MWXFW4RY;
				INFOPLIST_FILE = "Obj-C-Assessment2/Info.plist";
				LD_RUNPATH_SEARCH_PATHS = "$(inherited) @executable_path/Frameworks";
				PRODUCT_BUNDLE_IDENTIFIER = "CKH.Obj-C-Assessment2";
				PRODUCT_NAME = "$(TARGET_NAME)";
			};
			name = Debug;
		};
		5F7A57041F71A59C00AB8D79 /* Release */ = {
			isa = XCBuildConfiguration;
			buildSettings = {
				ASSETCATALOG_COMPILER_APPICON_NAME = AppIcon;
				DEVELOPMENT_TEAM = R5MWXFW4RY;
				INFOPLIST_FILE = "Obj-C-Assessment2/Info.plist";
				LD_RUNPATH_SEARCH_PATHS = "$(inherited) @executable_path/Frameworks";
				PRODUCT_BUNDLE_IDENTIFIER = "CKH.Obj-C-Assessment2";
				PRODUCT_NAME = "$(TARGET_NAME)";
			};
			name = Release;
		};
/* End XCBuildConfiguration section */

/* Begin XCConfigurationList section */
		5F7A56E61F71A59C00AB8D79 /* Build configuration list for PBXProject "Obj-C-Assessment2" */ = {
			isa = XCConfigurationList;
			buildConfigurations = (
				5F7A57001F71A59C00AB8D79 /* Debug */,
				5F7A57011F71A59C00AB8D79 /* Release */,
			);
			defaultConfigurationIsVisible = 0;
			defaultConfigurationName = Release;
		};
		5F7A57021F71A59C00AB8D79 /* Build configuration list for PBXNativeTarget "Obj-C-Assessment2" */ = {
			isa = XCConfigurationList;
			buildConfigurations = (
				5F7A57031F71A59C00AB8D79 /* Debug */,
				5F7A57041F71A59C00AB8D79 /* Release */,
			);
			defaultConfigurationIsVisible = 0;
		};
/* End XCConfigurationList section */
	};
	rootObject = 5F7A56E31F71A59C00AB8D79 /* Project object */;
}
